
Microsoft Visual Studio Solution File, Format Version 12.00
# Visual Studio 15
VisualStudioVersion = 15.0.27703.2042
MinimumVisualStudioVersion = 10.0.40219.1
Project("{FAE04EC0-301F-11D3-BF4B-00C04F79EFBC}") = "CustomRotationTool", "CustomRotationTool.csproj", "{4EC43EAA-ED7A-46B1-81C8-E7318CAE62DD}"
EndProject
Project("{FAE04EC0-301F-11D3-BF4B-00C04F79EFBC}") = "ILNumerics.Core", "..\..\Version5\ILNumerics.Core\src\ILNumerics.Core.csproj", "{99F76232-2520-430D-AA30-3D66A3C1DD64}"
EndProject
Project("{FAE04EC0-301F-11D3-BF4B-00C04F79EFBC}") = "ILNumerics.Computing", "..\..\Version5\ILNumerics.Computing\src\ILNumerics.Computing.csproj", "{93B4A10E-8979-4028-8CCF-49D88D6FAC0C}"
EndProject
Project("{FAE04EC0-301F-11D3-BF4B-00C04F79EFBC}") = "ILNumerics.Drawing", "..\..\Version5\ILNumerics.Drawing\src\ILNumerics.Drawing.csproj", "{B62A0E8F-FB6B-4366-ABC1-F7243229BF7E}"
EndProject
Global
	GlobalSection(SolutionConfigurationPlatforms) = preSolution
		Debug|Any CPU = Debug|Any CPU
		Debug|x64 = Debug|x64
		Debug|x86 = Debug|x86
		Release|Any CPU = Release|Any CPU
		Release|x64 = Release|x64
		Release|x86 = Release|x86
	EndGlobalSection
	GlobalSection(ProjectConfigurationPlatforms) = postSolution
		{4EC43EAA-ED7A-46B1-81C8-E7318CAE62DD}.Debug|Any CPU.ActiveCfg = Debug|Any CPU
		{4EC43EAA-ED7A-46B1-81C8-E7318CAE62DD}.Debug|Any CPU.Build.0 = Debug|Any CPU
		{4EC43EAA-ED7A-46B1-81C8-E7318CAE62DD}.Debug|x64.ActiveCfg = Debug|Any CPU
		{4EC43EAA-ED7A-46B1-81C8-E7318CAE62DD}.Debug|x64.Build.0 = Debug|Any CPU
		{4EC43EAA-ED7A-46B1-81C8-E7318CAE62DD}.Debug|x86.ActiveCfg = Debug|Any CPU
		{4EC43EAA-ED7A-46B1-81C8-E7318CAE62DD}.Debug|x86.Build.0 = Debug|Any CPU
		{4EC43EAA-ED7A-46B1-81C8-E7318CAE62DD}.Release|Any CPU.ActiveCfg = Release|Any CPU
		{4EC43EAA-ED7A-46B1-81C8-E7318CAE62DD}.Release|Any CPU.Build.0 = Release|Any CPU
		{4EC43EAA-ED7A-46B1-81C8-E7318CAE62DD}.Release|x64.ActiveCfg = Release|Any CPU
		{4EC43EAA-ED7A-46B1-81C8-E7318CAE62DD}.Release|x64.Build.0 = Release|Any CPU
		{4EC43EAA-ED7A-46B1-81C8-E7318CAE62DD}.Release|x86.ActiveCfg = Release|Any CPU
		{4EC43EAA-ED7A-46B1-81C8-E7318CAE62DD}.Release|x86.Build.0 = Release|Any CPU
		{99F76232-2520-430D-AA30-3D66A3C1DD64}.Debug|Any CPU.ActiveCfg = Debug|Any CPU
		{99F76232-2520-430D-AA30-3D66A3C1DD64}.Debug|Any CPU.Build.0 = Debug|Any CPU
		{99F76232-2520-430D-AA30-3D66A3C1DD64}.Debug|x64.ActiveCfg = Debug|x64
		{99F76232-2520-430D-AA30-3D66A3C1DD64}.Debug|x64.Build.0 = Debug|x64
		{99F76232-2520-430D-AA30-3D66A3C1DD64}.Debug|x86.ActiveCfg = Debug|x86
		{99F76232-2520-430D-AA30-3D66A3C1DD64}.Debug|x86.Build.0 = Debug|x86
		{99F76232-2520-430D-AA30-3D66A3C1DD64}.Release|Any CPU.ActiveCfg = Release|Any CPU
		{99F76232-2520-430D-AA30-3D66A3C1DD64}.Release|Any CPU.Build.0 = Release|Any CPU
		{99F76232-2520-430D-AA30-3D66A3C1DD64}.Release|x64.ActiveCfg = Release|x64
		{99F76232-2520-430D-AA30-3D66A3C1DD64}.Release|x64.Build.0 = Release|x64
		{99F76232-2520-430D-AA30-3D66A3C1DD64}.Release|x86.ActiveCfg = Release|x86
		{99F76232-2520-430D-AA30-3D66A3C1DD64}.Release|x86.Build.0 = Release|x86
		{93B4A10E-8979-4028-8CCF-49D88D6FAC0C}.Debug|Any CPU.ActiveCfg = Debug|Any CPU
		{93B4A10E-8979-4028-8CCF-49D88D6FAC0C}.Debug|Any CPU.Build.0 = Debug|Any CPU
		{93B4A10E-8979-4028-8CCF-49D88D6FAC0C}.Debug|x64.ActiveCfg = Debug|Any CPU
		{93B4A10E-8979-4028-8CCF-49D88D6FAC0C}.Debug|x64.Build.0 = Debug|Any CPU
		{93B4A10E-8979-4028-8CCF-49D88D6FAC0C}.Debug|x86.ActiveCfg = Debug|x86
		{93B4A10E-8979-4028-8CCF-49D88D6FAC0C}.Debug|x86.Build.0 = Debug|x86
		{93B4A10E-8979-4028-8CCF-49D88D6FAC0C}.Release|Any CPU.ActiveCfg = Release|Any CPU
		{93B4A10E-8979-4028-8CCF-49D88D6FAC0C}.Release|Any CPU.Build.0 = Release|Any CPU
		{93B4A10E-8979-4028-8CCF-49D88D6FAC0C}.Release|x64.ActiveCfg = Release|Any CPU
		{93B4A10E-8979-4028-8CCF-49D88D6FAC0C}.Release|x64.Build.0 = Release|Any CPU
		{93B4A10E-8979-4028-8CCF-49D88D6FAC0C}.Release|x86.ActiveCfg = Release|x86
		{93B4A10E-8979-4028-8CCF-49D88D6FAC0C}.Release|x86.Build.0 = Release|x86
		{B62A0E8F-FB6B-4366-ABC1-F7243229BF7E}.Debug|Any CPU.ActiveCfg = Debug|Any CPU
		{B62A0E8F-FB6B-4366-ABC1-F7243229BF7E}.Debug|Any CPU.Build.0 = Debug|Any CPU
		{B62A0E8F-FB6B-4366-ABC1-F7243229BF7E}.Debug|x64.ActiveCfg = Debug|x64
		{B62A0E8F-FB6B-4366-ABC1-F7243229BF7E}.Debug|x64.Build.0 = Debug|x64
		{B62A0E8F-FB6B-4366-ABC1-F7243229BF7E}.Debug|x86.ActiveCfg = Debug|x86
		{B62A0E8F-FB6B-4366-ABC1-F7243229BF7E}.Debug|x86.Build.0 = Debug|x86
		{B62A0E8F-FB6B-4366-ABC1-F7243229BF7E}.Release|Any CPU.ActiveCfg = Release|Any CPU
		{B62A0E8F-FB6B-4366-ABC1-F7243229BF7E}.Release|Any CPU.Build.0 = Release|Any CPU
		{B62A0E8F-FB6B-4366-ABC1-F7243229BF7E}.Release|x64.ActiveCfg = Release|x64
		{B62A0E8F-FB6B-4366-ABC1-F7243229BF7E}.Release|x64.Build.0 = Release|x64
		{B62A0E8F-FB6B-4366-ABC1-F7243229BF7E}.Release|x86.ActiveCfg = Release|x86
		{B62A0E8F-FB6B-4366-ABC1-F7243229BF7E}.Release|x86.Build.0 = Release|x86
	EndGlobalSection
	GlobalSection(SolutionProperties) = preSolution
		HideSolutionNode = FALSE
	EndGlobalSection
	GlobalSection(ExtensibilityGlobals) = postSolution
		SolutionGuid = {C990FC88-411D-44AD-9290-658DEC5953FB}
	EndGlobalSection
EndGlobal
