
Microsoft Visual Studio Solution File, Format Version 12.00
# Visual Studio 2013
VisualStudioVersion = 12.0.21005.1
MinimumVisualStudioVersion = 10.0.40219.1
Project("{FAE04EC0-301F-11D3-BF4B-00C04F79EFBC}") = "Points4ImageSC", "WindowsFormsApplication2\Points4ImageSC.csproj", "{758958B7-730C-4626-93D9-F78E3943E432}"
EndProject
Project("{FAE04EC0-301F-11D3-BF4B-00C04F79EFBC}") = "TorusAndSurface", "..\TorusAndSurface\TorusAndSurface.csproj", "{E285AC91-3844-4A67-8BD4-3E463E5C4BAE}"
EndProject
Global
	GlobalSection(SolutionConfigurationPlatforms) = preSolution
		Debug|Any CPU = Debug|Any CPU
		Release|Any CPU = Release|Any CPU
	EndGlobalSection
	GlobalSection(ProjectConfigurationPlatforms) = postSolution
		{758958B7-730C-4626-93D9-F78E3943E432}.Debug|Any CPU.ActiveCfg = Debug|Any CPU
		{758958B7-730C-4626-93D9-F78E3943E432}.Debug|Any CPU.Build.0 = Debug|Any CPU
		{758958B7-730C-4626-93D9-F78E3943E432}.Release|Any CPU.ActiveCfg = Release|Any CPU
		{758958B7-730C-4626-93D9-F78E3943E432}.Release|Any CPU.Build.0 = Release|Any CPU
		{E285AC91-3844-4A67-8BD4-3E463E5C4BAE}.Debug|Any CPU.ActiveCfg = Debug|Any CPU
		{E285AC91-3844-4A67-8BD4-3E463E5C4BAE}.Debug|Any CPU.Build.0 = Debug|Any CPU
		{E285AC91-3844-4A67-8BD4-3E463E5C4BAE}.Release|Any CPU.ActiveCfg = Release|Any CPU
		{E285AC91-3844-4A67-8BD4-3E463E5C4BAE}.Release|Any CPU.Build.0 = Release|Any CPU
	EndGlobalSection
	GlobalSection(SolutionProperties) = preSolution
		HideSolutionNode = FALSE
	EndGlobalSection
EndGlobal
